// !$*UTF8*$!
{
	archiveVersion = 1;
	classes = {
	};
	objectVersion = 46;
	objects = {

/* Begin PBXBuildFile section */
		39176C5B1A20ED3300C8011D /* AppDelegate.swift in Sources */ = {isa = PBXBuildFile; fileRef = 39176C5A1A20ED3300C8011D /* AppDelegate.swift */; };
		39176C5D1A20ED3300C8011D /* ViewController.swift in Sources */ = {isa = PBXBuildFile; fileRef = 39176C5C1A20ED3300C8011D /* ViewController.swift */; };
		39176C601A20ED3300C8011D /* Main.storyboard in Resources */ = {isa = PBXBuildFile; fileRef = 39176C5E1A20ED3300C8011D /* Main.storyboard */; };
		39176C621A20ED3300C8011D /* Images.xcassets in Resources */ = {isa = PBXBuildFile; fileRef = 39176C611A20ED3300C8011D /* Images.xcassets */; };
		39176C651A20ED3300C8011D /* LaunchScreen.xib in Resources */ = {isa = PBXBuildFile; fileRef = 39176C631A20ED3300C8011D /* LaunchScreen.xib */; };
		39176C711A20ED3300C8011D /* MoralAppleWatchTests.swift in Sources */ = {isa = PBXBuildFile; fileRef = 39176C701A20ED3300C8011D /* MoralAppleWatchTests.swift */; };
		39176C811A20ED8800C8011D /* WatchKit.framework in Frameworks */ = {isa = PBXBuildFile; fileRef = 39176C801A20ED8800C8011D /* WatchKit.framework */; };
		39176C861A20ED8800C8011D /* InterfaceController.swift in Sources */ = {isa = PBXBuildFile; fileRef = 39176C851A20ED8800C8011D /* InterfaceController.swift */; };
		39176C881A20ED8800C8011D /* Images.xcassets in Resources */ = {isa = PBXBuildFile; fileRef = 39176C871A20ED8800C8011D /* Images.xcassets */; };
		39176C8C1A20ED8800C8011D /* MoralAppleWatch Watch App.app in Resources */ = {isa = PBXBuildFile; fileRef = 39176C8B1A20ED8800C8011D /* MoralAppleWatch Watch App.app */; };
		39176C931A20ED8800C8011D /* Interface.storyboard in Resources */ = {isa = PBXBuildFile; fileRef = 39176C921A20ED8800C8011D /* Interface.storyboard */; };
		39176C951A20ED8800C8011D /* Images.xcassets in Resources */ = {isa = PBXBuildFile; fileRef = 39176C941A20ED8800C8011D /* Images.xcassets */; };
		39176C981A20ED8800C8011D /* MoralAppleWatch WatchKit Extension.appex in Embed App Extensions */ = {isa = PBXBuildFile; fileRef = 39176C7E1A20ED8800C8011D /* MoralAppleWatch WatchKit Extension.appex */; settings = {ATTRIBUTES = (RemoveHeadersOnCopy, ); }; };
		393427C11A277973000768E9 /* MoodDetailsController.swift in Sources */ = {isa = PBXBuildFile; fileRef = 393427C01A277973000768E9 /* MoodDetailsController.swift */; };
		398F82C11A27ACC7000A4AD8 /* .gitignore in Resources */ = {isa = PBXBuildFile; fileRef = 398F82C01A27ACC7000A4AD8 /* .gitignore */; };
/* End PBXBuildFile section */

/* Begin PBXContainerItemProxy section */
		39176C6B1A20ED3300C8011D /* PBXContainerItemProxy */ = {
			isa = PBXContainerItemProxy;
			containerPortal = 39176C4D1A20ED3300C8011D /* Project object */;
			proxyType = 1;
			remoteGlobalIDString = 39176C541A20ED3300C8011D;
			remoteInfo = MoralAppleWatch;
		};
		39176C8D1A20ED8800C8011D /* PBXContainerItemProxy */ = {
			isa = PBXContainerItemProxy;
			containerPortal = 39176C4D1A20ED3300C8011D /* Project object */;
			proxyType = 1;
			remoteGlobalIDString = 39176C8A1A20ED8800C8011D;
			remoteInfo = "MoralAppleWatch Watch App";
		};
		39176C961A20ED8800C8011D /* PBXContainerItemProxy */ = {
			isa = PBXContainerItemProxy;
			containerPortal = 39176C4D1A20ED3300C8011D /* Project object */;
			proxyType = 1;
			remoteGlobalIDString = 39176C7D1A20ED8800C8011D;
			remoteInfo = "MoralAppleWatch WatchKit Extension";
		};
/* End PBXContainerItemProxy section */

/* Begin PBXCopyFilesBuildPhase section */
		39176C9F1A20ED8900C8011D /* Embed App Extensions */ = {
			isa = PBXCopyFilesBuildPhase;
			buildActionMask = 2147483647;
			dstPath = "";
			dstSubfolderSpec = 13;
			files = (
				39176C981A20ED8800C8011D /* MoralAppleWatch WatchKit Extension.appex in Embed App Extensions */,
			);
			name = "Embed App Extensions";
			runOnlyForDeploymentPostprocessing = 0;
		};
/* End PBXCopyFilesBuildPhase section */

/* Begin PBXFileReference section */
		39176C551A20ED3300C8011D /* MoralAppleWatch.app */ = {isa = PBXFileReference; explicitFileType = wrapper.application; includeInIndex = 0; path = MoralAppleWatch.app; sourceTree = BUILT_PRODUCTS_DIR; };
		39176C591A20ED3300C8011D /* Info.plist */ = {isa = PBXFileReference; lastKnownFileType = text.plist.xml; path = Info.plist; sourceTree = "<group>"; };
		39176C5A1A20ED3300C8011D /* AppDelegate.swift */ = {isa = PBXFileReference; lastKnownFileType = sourcecode.swift; path = AppDelegate.swift; sourceTree = "<group>"; };
		39176C5C1A20ED3300C8011D /* ViewController.swift */ = {isa = PBXFileReference; lastKnownFileType = sourcecode.swift; path = ViewController.swift; sourceTree = "<group>"; };
		39176C5F1A20ED3300C8011D /* Base */ = {isa = PBXFileReference; lastKnownFileType = file.storyboard; name = Base; path = Base.lproj/Main.storyboard; sourceTree = "<group>"; };
		39176C611A20ED3300C8011D /* Images.xcassets */ = {isa = PBXFileReference; lastKnownFileType = folder.assetcatalog; path = Images.xcassets; sourceTree = "<group>"; };
		39176C641A20ED3300C8011D /* Base */ = {isa = PBXFileReference; lastKnownFileType = file.xib; name = Base; path = Base.lproj/LaunchScreen.xib; sourceTree = "<group>"; };
		39176C6A1A20ED3300C8011D /* MoralAppleWatchTests.xctest */ = {isa = PBXFileReference; explicitFileType = wrapper.cfbundle; includeInIndex = 0; path = MoralAppleWatchTests.xctest; sourceTree = BUILT_PRODUCTS_DIR; };
		39176C6F1A20ED3300C8011D /* Info.plist */ = {isa = PBXFileReference; lastKnownFileType = text.plist.xml; path = Info.plist; sourceTree = "<group>"; };
		39176C701A20ED3300C8011D /* MoralAppleWatchTests.swift */ = {isa = PBXFileReference; lastKnownFileType = sourcecode.swift; path = MoralAppleWatchTests.swift; sourceTree = "<group>"; };
		39176C7E1A20ED8800C8011D /* MoralAppleWatch WatchKit Extension.appex */ = {isa = PBXFileReference; explicitFileType = "wrapper.app-extension"; includeInIndex = 0; path = "MoralAppleWatch WatchKit Extension.appex"; sourceTree = BUILT_PRODUCTS_DIR; };
		39176C801A20ED8800C8011D /* WatchKit.framework */ = {isa = PBXFileReference; lastKnownFileType = wrapper.framework; name = WatchKit.framework; path = System/Library/Frameworks/WatchKit.framework; sourceTree = SDKROOT; };
		39176C841A20ED8800C8011D /* Info.plist */ = {isa = PBXFileReference; lastKnownFileType = text.plist.xml; path = Info.plist; sourceTree = "<group>"; };
		39176C851A20ED8800C8011D /* InterfaceController.swift */ = {isa = PBXFileReference; lastKnownFileType = sourcecode.swift; path = InterfaceController.swift; sourceTree = "<group>"; };
		39176C871A20ED8800C8011D /* Images.xcassets */ = {isa = PBXFileReference; lastKnownFileType = folder.assetcatalog; path = Images.xcassets; sourceTree = "<group>"; };
		39176C8B1A20ED8800C8011D /* MoralAppleWatch Watch App.app */ = {isa = PBXFileReference; explicitFileType = wrapper.application; includeInIndex = 0; path = "MoralAppleWatch Watch App.app"; sourceTree = BUILT_PRODUCTS_DIR; };
		39176C911A20ED8800C8011D /* Info.plist */ = {isa = PBXFileReference; lastKnownFileType = text.plist.xml; path = Info.plist; sourceTree = "<group>"; };
		39176C921A20ED8800C8011D /* Interface.storyboard */ = {isa = PBXFileReference; lastKnownFileType = file.storyboard; path = Interface.storyboard; sourceTree = "<group>"; };
		39176C941A20ED8800C8011D /* Images.xcassets */ = {isa = PBXFileReference; lastKnownFileType = folder.assetcatalog; path = Images.xcassets; sourceTree = "<group>"; };
		393427C01A277973000768E9 /* MoodDetailsController.swift */ = {isa = PBXFileReference; fileEncoding = 4; lastKnownFileType = sourcecode.swift; path = MoodDetailsController.swift; sourceTree = "<group>"; };
		398F82C01A27ACC7000A4AD8 /* .gitignore */ = {isa = PBXFileReference; fileEncoding = 4; lastKnownFileType = text; path = .gitignore; sourceTree = "<group>"; };
/* End PBXFileReference section */

/* Begin PBXFrameworksBuildPhase section */
		39176C521A20ED3300C8011D /* Frameworks */ = {
			isa = PBXFrameworksBuildPhase;
			buildActionMask = 2147483647;
			files = (
			);
			runOnlyForDeploymentPostprocessing = 0;
		};
		39176C671A20ED3300C8011D /* Frameworks */ = {
			isa = PBXFrameworksBuildPhase;
			buildActionMask = 2147483647;
			files = (
			);
			runOnlyForDeploymentPostprocessing = 0;
		};
		39176C7B1A20ED8800C8011D /* Frameworks */ = {
			isa = PBXFrameworksBuildPhase;
			buildActionMask = 2147483647;
			files = (
				39176C811A20ED8800C8011D /* WatchKit.framework in Frameworks */,
			);
			runOnlyForDeploymentPostprocessing = 0;
		};
/* End PBXFrameworksBuildPhase section */

/* Begin PBXGroup section */
		39176C4C1A20ED3300C8011D = {
			isa = PBXGroup;
			children = (
				398F82C01A27ACC7000A4AD8 /* .gitignore */,
				39176C571A20ED3300C8011D /* MoralAppleWatch */,
				39176C6D1A20ED3300C8011D /* MoralAppleWatchTests */,
				39176C821A20ED8800C8011D /* MoralAppleWatch WatchKit Extension */,
				39176C8F1A20ED8800C8011D /* MoralAppleWatch Watch App */,
				39176C7F1A20ED8800C8011D /* Frameworks */,
				39176C561A20ED3300C8011D /* Products */,
			);
			sourceTree = "<group>";
		};
		39176C561A20ED3300C8011D /* Products */ = {
			isa = PBXGroup;
			children = (
				39176C551A20ED3300C8011D /* MoralAppleWatch.app */,
				39176C6A1A20ED3300C8011D /* MoralAppleWatchTests.xctest */,
				39176C7E1A20ED8800C8011D /* MoralAppleWatch WatchKit Extension.appex */,
				39176C8B1A20ED8800C8011D /* MoralAppleWatch Watch App.app */,
			);
			name = Products;
			sourceTree = "<group>";
		};
		39176C571A20ED3300C8011D /* MoralAppleWatch */ = {
			isa = PBXGroup;
			children = (
				39176C5A1A20ED3300C8011D /* AppDelegate.swift */,
				39176C5C1A20ED3300C8011D /* ViewController.swift */,
				39176C5E1A20ED3300C8011D /* Main.storyboard */,
				39176C611A20ED3300C8011D /* Images.xcassets */,
				39176C631A20ED3300C8011D /* LaunchScreen.xib */,
				39176C581A20ED3300C8011D /* Supporting Files */,
			);
			path = MoralAppleWatch;
			sourceTree = "<group>";
		};
		39176C581A20ED3300C8011D /* Supporting Files */ = {
			isa = PBXGroup;
			children = (
				39176C591A20ED3300C8011D /* Info.plist */,
			);
			name = "Supporting Files";
			sourceTree = "<group>";
		};
		39176C6D1A20ED3300C8011D /* MoralAppleWatchTests */ = {
			isa = PBXGroup;
			children = (
				39176C701A20ED3300C8011D /* MoralAppleWatchTests.swift */,
				39176C6E1A20ED3300C8011D /* Supporting Files */,
			);
			path = MoralAppleWatchTests;
			sourceTree = "<group>";
		};
		39176C6E1A20ED3300C8011D /* Supporting Files */ = {
			isa = PBXGroup;
			children = (
				39176C6F1A20ED3300C8011D /* Info.plist */,
			);
			name = "Supporting Files";
			sourceTree = "<group>";
		};
		39176C7F1A20ED8800C8011D /* Frameworks */ = {
			isa = PBXGroup;
			children = (
				39176C801A20ED8800C8011D /* WatchKit.framework */,
			);
			name = Frameworks;
			sourceTree = "<group>";
		};
		39176C821A20ED8800C8011D /* MoralAppleWatch WatchKit Extension */ = {
			isa = PBXGroup;
			children = (
				39176C851A20ED8800C8011D /* InterfaceController.swift */,
				393427C01A277973000768E9 /* MoodDetailsController.swift */,
				39176C871A20ED8800C8011D /* Images.xcassets */,
				39176C831A20ED8800C8011D /* Supporting Files */,
			);
			path = "MoralAppleWatch WatchKit Extension";
			sourceTree = "<group>";
		};
		39176C831A20ED8800C8011D /* Supporting Files */ = {
			isa = PBXGroup;
			children = (
				39176C841A20ED8800C8011D /* Info.plist */,
			);
			name = "Supporting Files";
			sourceTree = "<group>";
		};
		39176C8F1A20ED8800C8011D /* MoralAppleWatch Watch App */ = {
			isa = PBXGroup;
			children = (
				39176C921A20ED8800C8011D /* Interface.storyboard */,
				39176C941A20ED8800C8011D /* Images.xcassets */,
				39176C901A20ED8800C8011D /* Supporting Files */,
			);
			path = "MoralAppleWatch Watch App";
			sourceTree = "<group>";
		};
		39176C901A20ED8800C8011D /* Supporting Files */ = {
			isa = PBXGroup;
			children = (
				39176C911A20ED8800C8011D /* Info.plist */,
			);
			name = "Supporting Files";
			sourceTree = "<group>";
		};
/* End PBXGroup section */

/* Begin PBXNativeTarget section */
		39176C541A20ED3300C8011D /* MoralAppleWatch */ = {
			isa = PBXNativeTarget;
			buildConfigurationList = 39176C741A20ED3300C8011D /* Build configuration list for PBXNativeTarget "MoralAppleWatch" */;
			buildPhases = (
				39176C511A20ED3300C8011D /* Sources */,
				39176C521A20ED3300C8011D /* Frameworks */,
				39176C531A20ED3300C8011D /* Resources */,
				39176C9F1A20ED8900C8011D /* Embed App Extensions */,
			);
			buildRules = (
			);
			dependencies = (
				39176C971A20ED8800C8011D /* PBXTargetDependency */,
			);
			name = MoralAppleWatch;
			productName = MoralAppleWatch;
			productReference = 39176C551A20ED3300C8011D /* MoralAppleWatch.app */;
			productType = "com.apple.product-type.application";
		};
		39176C691A20ED3300C8011D /* MoralAppleWatchTests */ = {
			isa = PBXNativeTarget;
			buildConfigurationList = 39176C771A20ED3300C8011D /* Build configuration list for PBXNativeTarget "MoralAppleWatchTests" */;
			buildPhases = (
				39176C661A20ED3300C8011D /* Sources */,
				39176C671A20ED3300C8011D /* Frameworks */,
				39176C681A20ED3300C8011D /* Resources */,
			);
			buildRules = (
			);
			dependencies = (
				39176C6C1A20ED3300C8011D /* PBXTargetDependency */,
			);
			name = MoralAppleWatchTests;
			productName = MoralAppleWatchTests;
			productReference = 39176C6A1A20ED3300C8011D /* MoralAppleWatchTests.xctest */;
			productType = "com.apple.product-type.bundle.unit-test";
		};
		39176C7D1A20ED8800C8011D /* MoralAppleWatch WatchKit Extension */ = {
			isa = PBXNativeTarget;
			buildConfigurationList = 39176C9C1A20ED8900C8011D /* Build configuration list for PBXNativeTarget "MoralAppleWatch WatchKit Extension" */;
			buildPhases = (
				39176C7A1A20ED8800C8011D /* Sources */,
				39176C7B1A20ED8800C8011D /* Frameworks */,
				39176C7C1A20ED8800C8011D /* Resources */,
			);
			buildRules = (
			);
			dependencies = (
				39176C8E1A20ED8800C8011D /* PBXTargetDependency */,
			);
			name = "MoralAppleWatch WatchKit Extension";
			productName = "MoralAppleWatch WatchKit Extension";
			productReference = 39176C7E1A20ED8800C8011D /* MoralAppleWatch WatchKit Extension.appex */;
			productType = "com.apple.product-type.watchkit-extension";
		};
		39176C8A1A20ED8800C8011D /* MoralAppleWatch Watch App */ = {
			isa = PBXNativeTarget;
			buildConfigurationList = 39176C991A20ED8900C8011D /* Build configuration list for PBXNativeTarget "MoralAppleWatch Watch App" */;
			buildPhases = (
				39176C891A20ED8800C8011D /* Resources */,
			);
			buildRules = (
			);
			dependencies = (
			);
			name = "MoralAppleWatch Watch App";
			productName = "MoralAppleWatch Watch App";
			productReference = 39176C8B1A20ED8800C8011D /* MoralAppleWatch Watch App.app */;
			productType = "com.apple.product-type.application.watchapp";
		};
/* End PBXNativeTarget section */

/* Begin PBXProject section */
		39176C4D1A20ED3300C8011D /* Project object */ = {
			isa = PBXProject;
			attributes = {
				LastUpgradeCheck = 0620;
				ORGANIZATIONNAME = Moral;
				TargetAttributes = {
					39176C541A20ED3300C8011D = {
						CreatedOnToolsVersion = 6.2;
					};
					39176C691A20ED3300C8011D = {
						CreatedOnToolsVersion = 6.2;
						TestTargetID = 39176C541A20ED3300C8011D;
					};
					39176C7D1A20ED8800C8011D = {
						CreatedOnToolsVersion = 6.2;
					};
					39176C8A1A20ED8800C8011D = {
						CreatedOnToolsVersion = 6.2;
					};
				};
			};
			buildConfigurationList = 39176C501A20ED3300C8011D /* Build configuration list for PBXProject "MoralAppleWatch" */;
			compatibilityVersion = "Xcode 3.2";
			developmentRegion = English;
			hasScannedForEncodings = 0;
			knownRegions = (
				en,
				Base,
			);
			mainGroup = 39176C4C1A20ED3300C8011D;
			productRefGroup = 39176C561A20ED3300C8011D /* Products */;
			projectDirPath = "";
			projectRoot = "";
			targets = (
				39176C541A20ED3300C8011D /* MoralAppleWatch */,
				39176C691A20ED3300C8011D /* MoralAppleWatchTests */,
				39176C7D1A20ED8800C8011D /* MoralAppleWatch WatchKit Extension */,
				39176C8A1A20ED8800C8011D /* MoralAppleWatch Watch App */,
			);
		};
/* End PBXProject section */

/* Begin PBXResourcesBuildPhase section */
		39176C531A20ED3300C8011D /* Resources */ = {
			isa = PBXResourcesBuildPhase;
			buildActionMask = 2147483647;
			files = (
				398F82C11A27ACC7000A4AD8 /* .gitignore in Resources */,
				39176C601A20ED3300C8011D /* Main.storyboard in Resources */,
				39176C651A20ED3300C8011D /* LaunchScreen.xib in Resources */,
				39176C621A20ED3300C8011D /* Images.xcassets in Resources */,
			);
			runOnlyForDeploymentPostprocessing = 0;
		};
		39176C681A20ED3300C8011D /* Resources */ = {
			isa = PBXResourcesBuildPhase;
			buildActionMask = 2147483647;
			files = (
			);
			runOnlyForDeploymentPostprocessing = 0;
		};
		39176C7C1A20ED8800C8011D /* Resources */ = {
			isa = PBXResourcesBuildPhase;
			buildActionMask = 2147483647;
			files = (
				39176C8C1A20ED8800C8011D /* MoralAppleWatch Watch App.app in Resources */,
				39176C881A20ED8800C8011D /* Images.xcassets in Resources */,
			);
			runOnlyForDeploymentPostprocessing = 0;
		};
		39176C891A20ED8800C8011D /* Resources */ = {
			isa = PBXResourcesBuildPhase;
			buildActionMask = 2147483647;
			files = (
				39176C931A20ED8800C8011D /* Interface.storyboard in Resources */,
				39176C951A20ED8800C8011D /* Images.xcassets in Resources */,
			);
			runOnlyForDeploymentPostprocessing = 0;
		};
/* End PBXResourcesBuildPhase section */

/* Begin PBXSourcesBuildPhase section */
		39176C511A20ED3300C8011D /* Sources */ = {
			isa = PBXSourcesBuildPhase;
			buildActionMask = 2147483647;
			files = (
				39176C5D1A20ED3300C8011D /* ViewController.swift in Sources */,
				39176C5B1A20ED3300C8011D /* AppDelegate.swift in Sources */,
			);
			runOnlyForDeploymentPostprocessing = 0;
		};
		39176C661A20ED3300C8011D /* Sources */ = {
			isa = PBXSourcesBuildPhase;
			buildActionMask = 2147483647;
			files = (
				39176C711A20ED3300C8011D /* MoralAppleWatchTests.swift in Sources */,
			);
			runOnlyForDeploymentPostprocessing = 0;
		};
		39176C7A1A20ED8800C8011D /* Sources */ = {
			isa = PBXSourcesBuildPhase;
			buildActionMask = 2147483647;
			files = (
				39176C861A20ED8800C8011D /* InterfaceController.swift in Sources */,
				393427C11A277973000768E9 /* MoodDetailsController.swift in Sources */,
			);
			runOnlyForDeploymentPostprocessing = 0;
		};
/* End PBXSourcesBuildPhase section */

/* Begin PBXTargetDependency section */
		39176C6C1A20ED3300C8011D /* PBXTargetDependency */ = {
			isa = PBXTargetDependency;
			target = 39176C541A20ED3300C8011D /* MoralAppleWatch */;
			targetProxy = 39176C6B1A20ED3300C8011D /* PBXContainerItemProxy */;
		};
		39176C8E1A20ED8800C8011D /* PBXTargetDependency */ = {
			isa = PBXTargetDependency;
			target = 39176C8A1A20ED8800C8011D /* MoralAppleWatch Watch App */;
			targetProxy = 39176C8D1A20ED8800C8011D /* PBXContainerItemProxy */;
		};
		39176C971A20ED8800C8011D /* PBXTargetDependency */ = {
			isa = PBXTargetDependency;
			target = 39176C7D1A20ED8800C8011D /* MoralAppleWatch WatchKit Extension */;
			targetProxy = 39176C961A20ED8800C8011D /* PBXContainerItemProxy */;
		};
/* End PBXTargetDependency section */

/* Begin PBXVariantGroup section */
		39176C5E1A20ED3300C8011D /* Main.storyboard */ = {
			isa = PBXVariantGroup;
			children = (
				39176C5F1A20ED3300C8011D /* Base */,
			);
			name = Main.storyboard;
			sourceTree = "<group>";
		};
		39176C631A20ED3300C8011D /* LaunchScreen.xib */ = {
			isa = PBXVariantGroup;
			children = (
				39176C641A20ED3300C8011D /* Base */,
			);
			name = LaunchScreen.xib;
			sourceTree = "<group>";
		};
/* End PBXVariantGroup section */

/* Begin XCBuildConfiguration section */
		39176C721A20ED3300C8011D /* Debug */ = {
			isa = XCBuildConfiguration;
			buildSettings = {
				ALWAYS_SEARCH_USER_PATHS = NO;
				CLANG_CXX_LANGUAGE_STANDARD = "gnu++0x";
				CLANG_CXX_LIBRARY = "libc++";
				CLANG_ENABLE_MODULES = YES;
				CLANG_ENABLE_OBJC_ARC = YES;
				CLANG_WARN_BOOL_CONVERSION = YES;
				CLANG_WARN_CONSTANT_CONVERSION = YES;
				CLANG_WARN_DIRECT_OBJC_ISA_USAGE = YES_ERROR;
				CLANG_WARN_EMPTY_BODY = YES;
				CLANG_WARN_ENUM_CONVERSION = YES;
				CLANG_WARN_INT_CONVERSION = YES;
				CLANG_WARN_OBJC_ROOT_CLASS = YES_ERROR;
				CLANG_WARN_UNREACHABLE_CODE = YES;
				CLANG_WARN__DUPLICATE_METHOD_MATCH = YES;
				"CODE_SIGN_IDENTITY[sdk=iphoneos*]" = "iPhone Developer";
				COPY_PHASE_STRIP = NO;
				ENABLE_STRICT_OBJC_MSGSEND = YES;
				GCC_C_LANGUAGE_STANDARD = gnu99;
				GCC_DYNAMIC_NO_PIC = NO;
				GCC_OPTIMIZATION_LEVEL = 0;
				GCC_PREPROCESSOR_DEFINITIONS = (
					"DEBUG=1",
					"$(inherited)",
				);
				GCC_SYMBOLS_PRIVATE_EXTERN = NO;
				GCC_WARN_64_TO_32_BIT_CONVERSION = YES;
				GCC_WARN_ABOUT_RETURN_TYPE = YES_ERROR;
				GCC_WARN_UNDECLARED_SELECTOR = YES;
				GCC_WARN_UNINITIALIZED_AUTOS = YES_AGGRESSIVE;
				GCC_WARN_UNUSED_FUNCTION = YES;
				GCC_WARN_UNUSED_VARIABLE = YES;
				IPHONEOS_DEPLOYMENT_TARGET = 8.2;
				MTL_ENABLE_DEBUG_INFO = YES;
				ONLY_ACTIVE_ARCH = YES;
				SDKROOT = iphoneos;
				SWIFT_OPTIMIZATION_LEVEL = "-Onone";
				TARGETED_DEVICE_FAMILY = "1,2";
			};
			name = Debug;
		};
		39176C731A20ED3300C8011D /* Release */ = {
			isa = XCBuildConfiguration;
			buildSettings = {
				ALWAYS_SEARCH_USER_PATHS = NO;
				CLANG_CXX_LANGUAGE_STANDARD = "gnu++0x";
				CLANG_CXX_LIBRARY = "libc++";
				CLANG_ENABLE_MODULES = YES;
				CLANG_ENABLE_OBJC_ARC = YES;
				CLANG_WARN_BOOL_CONVERSION = YES;
				CLANG_WARN_CONSTANT_CONVERSION = YES;
				CLANG_WARN_DIRECT_OBJC_ISA_USAGE = YES_ERROR;
				CLANG_WARN_EMPTY_BODY = YES;
				CLANG_WARN_ENUM_CONVERSION = YES;
				CLANG_WARN_INT_CONVERSION = YES;
				CLANG_WARN_OBJC_ROOT_CLASS = YES_ERROR;
				CLANG_WARN_UNREACHABLE_CODE = YES;
				CLANG_WARN__DUPLICATE_METHOD_MATCH = YES;
				"CODE_SIGN_IDENTITY[sdk=iphoneos*]" = "iPhone Developer";
				COPY_PHASE_STRIP = YES;
				ENABLE_NS_ASSERTIONS = NO;
				ENABLE_STRICT_OBJC_MSGSEND = YES;
				GCC_C_LANGUAGE_STANDARD = gnu99;
				GCC_WARN_64_TO_32_BIT_CONVERSION = YES;
				GCC_WARN_ABOUT_RETURN_TYPE = YES_ERROR;
				GCC_WARN_UNDECLARED_SELECTOR = YES;
				GCC_WARN_UNINITIALIZED_AUTOS = YES_AGGRESSIVE;
				GCC_WARN_UNUSED_FUNCTION = YES;
				GCC_WARN_UNUSED_VARIABLE = YES;
				IPHONEOS_DEPLOYMENT_TARGET = 8.2;
				MTL_ENABLE_DEBUG_INFO = NO;
				SDKROOT = iphoneos;
				TARGETED_DEVICE_FAMILY = "1,2";
				VALIDATE_PRODUCT = YES;
			};
			name = Release;
		};
		39176C751A20ED3300C8011D /* Debug */ = {
			isa = XCBuildConfiguration;
			buildSettings = {
				ASSETCATALOG_COMPILER_APPICON_NAME = AppIcon;
				EMBEDDED_CONTENT_CONTAINS_SWIFT = YES;
				INFOPLIST_FILE = MoralAppleWatch/Info.plist;
				LD_RUNPATH_SEARCH_PATHS = "$(inherited) @executable_path/Frameworks";
				PRODUCT_NAME = "$(TARGET_NAME)";
			};
			name = Debug;
		};
		39176C761A20ED3300C8011D /* Release */ = {
			isa = XCBuildConfiguration;
			buildSettings = {
				ASSETCATALOG_COMPILER_APPICON_NAME = AppIcon;
				EMBEDDED_CONTENT_CONTAINS_SWIFT = YES;
				INFOPLIST_FILE = MoralAppleWatch/Info.plist;
				LD_RUNPATH_SEARCH_PATHS = "$(inherited) @executable_path/Frameworks";
				PRODUCT_NAME = "$(TARGET_NAME)";
			};
			name = Release;
		};
		39176C781A20ED3300C8011D /* Debug */ = {
			isa = XCBuildConfiguration;
			buildSettings = {
				BUNDLE_LOADER = "$(TEST_HOST)";
				FRAMEWORK_SEARCH_PATHS = (
					"$(SDKROOT)/Developer/Library/Frameworks",
					"$(inherited)",
				);
				GCC_PREPROCESSOR_DEFINITIONS = (
					"DEBUG=1",
					"$(inherited)",
				);
				INFOPLIST_FILE = MoralAppleWatchTests/Info.plist;
				LD_RUNPATH_SEARCH_PATHS = "$(inherited) @executable_path/Frameworks @loader_path/Frameworks";
				PRODUCT_NAME = "$(TARGET_NAME)";
				TEST_HOST = "$(BUILT_PRODUCTS_DIR)/MoralAppleWatch.app/MoralAppleWatch";
			};
			name = Debug;
		};
		39176C791A20ED3300C8011D /* Release */ = {
			isa = XCBuildConfiguration;
			buildSettings = {
				BUNDLE_LOADER = "$(TEST_HOST)";
				FRAMEWORK_SEARCH_PATHS = (
					"$(SDKROOT)/Developer/Library/Frameworks",
					"$(inherited)",
				);
				INFOPLIST_FILE = MoralAppleWatchTests/Info.plist;
				LD_RUNPATH_SEARCH_PATHS = "$(inherited) @executable_path/Frameworks @loader_path/Frameworks";
				PRODUCT_NAME = "$(TARGET_NAME)";
				TEST_HOST = "$(BUILT_PRODUCTS_DIR)/MoralAppleWatch.app/MoralAppleWatch";
			};
			name = Release;
		};
		39176C9A1A20ED8900C8011D /* Debug */ = {
			isa = XCBuildConfiguration;
			buildSettings = {
				ASSETCATALOG_COMPILER_APPICON_NAME = AppIcon;
				ASSETCATALOG_COMPILER_LAUNCHIMAGE_NAME = LaunchImage;
				GCC_PREPROCESSOR_DEFINITIONS = (
					"DEBUG=1",
					"$(inherited)",
				);
				IBSC_MODULE = MoralAppleWatch_WatchKit_Extension;
				INFOPLIST_FILE = "MoralAppleWatch Watch App/Info.plist";
				PRODUCT_NAME = "$(TARGET_NAME)";
				SKIP_INSTALL = YES;
				TARGETED_DEVICE_FAMILY = 4;
				"TARGETED_DEVICE_FAMILY[sdk=iphonesimulator*]" = "1,4";
			};
			name = Debug;
		};
		39176C9B1A20ED8900C8011D /* Release */ = {
			isa = XCBuildConfiguration;
			buildSettings = {
				ASSETCATALOG_COMPILER_APPICON_NAME = AppIcon;
				ASSETCATALOG_COMPILER_LAUNCHIMAGE_NAME = LaunchImage;
				IBSC_MODULE = MoralAppleWatch_WatchKit_Extension;
				INFOPLIST_FILE = "MoralAppleWatch Watch App/Info.plist";
				PRODUCT_NAME = "$(TARGET_NAME)";
				SKIP_INSTALL = YES;
				TARGETED_DEVICE_FAMILY = 4;
				"TARGETED_DEVICE_FAMILY[sdk=iphonesimulator*]" = "1,4";
			};
			name = Release;
		};
		39176C9D1A20ED8900C8011D /* Debug */ = {
			isa = XCBuildConfiguration;
			buildSettings = {
				GCC_PREPROCESSOR_DEFINITIONS = (
					"DEBUG=1",
					"$(inherited)",
				);
				INFOPLIST_FILE = "MoralAppleWatch WatchKit Extension/Info.plist";
				LD_RUNPATH_SEARCH_PATHS = "$(inherited) @executable_path/Frameworks @executable_path/../../Frameworks";
				PRODUCT_NAME = "${TARGET_NAME}";
				SKIP_INSTALL = YES;
			};
			name = Debug;
		};
		39176C9E1A20ED8900C8011D /* Release */ = {
			isa = XCBuildConfiguration;
			buildSettings = {
				INFOPLIST_FILE = "MoralAppleWatch WatchKit Extension/Info.plist";
				LD_RUNPATH_SEARCH_PATHS = "$(inherited) @executable_path/Frameworks @executable_path/../../Frameworks";
				PRODUCT_NAME = "${TARGET_NAME}";
				SKIP_INSTALL = YES;
			};
			name = Release;
		};
/* End XCBuildConfiguration section */

/* Begin XCConfigurationList section */
		39176C501A20ED3300C8011D /* Build configuration list for PBXProject "MoralAppleWatch" */ = {
			isa = XCConfigurationList;
			buildConfigurations = (
				39176C721A20ED3300C8011D /* Debug */,
				39176C731A20ED3300C8011D /* Release */,
			);
			defaultConfigurationIsVisible = 0;
			defaultConfigurationName = Release;
		};
		39176C741A20ED3300C8011D /* Build configuration list for PBXNativeTarget "MoralAppleWatch" */ = {
			isa = XCConfigurationList;
			buildConfigurations = (
				39176C751A20ED3300C8011D /* Debug */,
				39176C761A20ED3300C8011D /* Release */,
			);
			defaultConfigurationIsVisible = 0;
			defaultConfigurationName = Release;
		};
		39176C771A20ED3300C8011D /* Build configuration list for PBXNativeTarget "MoralAppleWatchTests" */ = {
			isa = XCConfigurationList;
			buildConfigurations = (
				39176C781A20ED3300C8011D /* Debug */,
				39176C791A20ED3300C8011D /* Release */,
			);
			defaultConfigurationIsVisible = 0;
			defaultConfigurationName = Release;
		};
		39176C991A20ED8900C8011D /* Build configuration list for PBXNativeTarget "MoralAppleWatch Watch App" */ = {
			isa = XCConfigurationList;
			buildConfigurations = (
				39176C9A1A20ED8900C8011D /* Debug */,
				39176C9B1A20ED8900C8011D /* Release */,
			);
			defaultConfigurationIsVisible = 0;
			defaultConfigurationName = Release;
		};
		39176C9C1A20ED8900C8011D /* Build configuration list for PBXNativeTarget "MoralAppleWatch WatchKit Extension" */ = {
			isa = XCConfigurationList;
			buildConfigurations = (
				39176C9D1A20ED8900C8011D /* Debug */,
				39176C9E1A20ED8900C8011D /* Release */,
			);
			defaultConfigurationIsVisible = 0;
			defaultConfigurationName = Release;
		};
/* End XCConfigurationList section */
	};
	rootObject = 39176C4D1A20ED3300C8011D /* Project object */;
}
